
Microsoft Visual Studio Solution File, Format Version 12.00
# Visual Studio Version 16
VisualStudioVersion = 16.0.30204.135
MinimumVisualStudioVersion = 10.0.40219.1
Project("{8BC9CEB8-8B4A-11D0-8D11-00A0C91BC942}") = "CodeBreakers", "CodeBreakers.vcxproj", "{74A3D359-F8F3-4F21-B96F-B8C3BCA8B034}"
EndProject
Global
	GlobalSection(SolutionConfigurationPlatforms) = preSolution
		Debug|x64 = Debug|x64
		Debug|x86 = Debug|x86
		Release|x64 = Release|x64
		Release|x86 = Release|x86
	EndGlobalSection
	GlobalSection(ProjectConfigurationPlatforms) = postSolution
		{74A3D359-F8F3-4F21-B96F-B8C3BCA8B034}.Debug|x64.ActiveCfg = Debug|x64
		{74A3D359-F8F3-4F21-B96F-B8C3BCA8B034}.Debug|x64.Build.0 = Debug|x64
		{74A3D359-F8F3-4F21-B96F-B8C3BCA8B034}.Debug|x86.ActiveCfg = Debug|Win32
		{74A3D359-F8F3-4F21-B96F-B8C3BCA8B034}.Debug|x86.Build.0 = Debug|Win32
		{74A3D359-F8F3-4F21-B96F-B8C3BCA8B034}.Release|x64.ActiveCfg = Release|x64
		{74A3D359-F8F3-4F21-B96F-B8C3BCA8B034}.Release|x64.Build.0 = Release|x64
		{74A3D359-F8F3-4F21-B96F-B8C3BCA8B034}.Release|x86.ActiveCfg = Release|Win32
		{74A3D359-F8F3-4F21-B96F-B8C3BCA8B034}.Release|x86.Build.0 = Release|Win32
	EndGlobalSection
	GlobalSection(SolutionProperties) = preSolution
		HideSolutionNode = FALSE
	EndGlobalSection
	GlobalSection(ExtensibilityGlobals) = postSolution
		SolutionGuid = {78DCDDD6-4B16-447B-83D3-02B7EC169A72}
	EndGlobalSection
EndGlobal
